[[package]]
name = "atk-sys"
version = "0.7.0"
source = "registry+https://github.com/rust-lang/crates.io-index"
dependencies = [
 "glib-sys 0.7.0 (registry+https://github.com/rust-lang/crates.io-index)",
 "gobject-sys 0.7.0 (registry+https://github.com/rust-lang/crates.io-index)",
 "libc 0.2.48 (registry+https://github.com/rust-lang/crates.io-index)",
 "pkg-config 0.3.14 (registry+https://github.com/rust-lang/crates.io-index)",
]

[[package]]
name = "bitflags"
version = "1.0.4"
source = "registry+https://github.com/rust-lang/crates.io-index"

[[package]]
name = "cairo-sys-rs"
version = "0.7.0"
source = "registry+https://github.com/rust-lang/crates.io-index"
dependencies = [
 "libc 0.2.48 (registry+https://github.com/rust-lang/crates.io-index)",
 "pkg-config 0.3.14 (registry+https://github.com/rust-lang/crates.io-index)",
 "winapi 0.3.6 (registry+https://github.com/rust-lang/crates.io-index)",
]

[[package]]
name = "gdk-pixbuf-sys"
version = "0.7.0"
source = "registry+https://github.com/rust-lang/crates.io-index"
dependencies = [
 "gio-sys 0.7.0 (registry+https://github.com/rust-lang/crates.io-index)",
 "glib-sys 0.7.0 (registry+https://github.com/rust-lang/crates.io-index)",
 "gobject-sys 0.7.0 (registry+https://github.com/rust-lang/crates.io-index)",
 "libc 0.2.48 (registry+https://github.com/rust-lang/crates.io-index)",
 "pkg-config 0.3.14 (registry+https://github.com/rust-lang/crates.io-index)",
]

[[package]]
name = "gdk-sys"
version = "0.7.0"
source = "registry+https://github.com/rust-lang/crates.io-index"
dependencies = [
 "cairo-sys-rs 0.7.0 (registry+https://github.com/rust-lang/crates.io-index)",
 "gdk-pixbuf-sys 0.7.0 (registry+https://github.com/rust-lang/crates.io-index)",
 "gio-sys 0.7.0 (registry+https://github.com/rust-lang/crates.io-index)",
 "glib-sys 0.7.0 (registry+https://github.com/rust-lang/crates.io-index)",
 "gobject-sys 0.7.0 (registry+https://github.com/rust-lang/crates.io-index)",
 "libc 0.2.48 (registry+https://github.com/rust-lang/crates.io-index)",
 "pango-sys 0.7.0 (registry+https://github.com/rust-lang/crates.io-index)",
 "pkg-config 0.3.14 (registry+https://github.com/rust-lang/crates.io-index)",
]

[[package]]
name = "gio-sys"
version = "0.7.0"
source = "registry+https://github.com/rust-lang/crates.io-index"
dependencies = [
 "glib-sys 0.7.0 (registry+https://github.com/rust-lang/crates.io-index)",
 "gobject-sys 0.7.0 (registry+https://github.com/rust-lang/crates.io-index)",
 "libc 0.2.48 (registry+https://github.com/rust-lang/crates.io-index)",
 "pkg-config 0.3.14 (registry+https://github.com/rust-lang/crates.io-index)",
]

[[package]]
name = "glib-sys"
version = "0.7.0"
source = "registry+https://github.com/rust-lang/crates.io-index"
dependencies = [
 "libc 0.2.48 (registry+https://github.com/rust-lang/crates.io-index)",
 "pkg-config 0.3.14 (registry+https://github.com/rust-lang/crates.io-index)",
]

[[package]]
name = "gobject-sys"
version = "0.7.0"
source = "registry+https://github.com/rust-lang/crates.io-index"
dependencies = [
 "glib-sys 0.7.0 (registry+https://github.com/rust-lang/crates.io-index)",
 "libc 0.2.48 (registry+https://github.com/rust-lang/crates.io-index)",
 "pkg-config 0.3.14 (registry+https://github.com/rust-lang/crates.io-index)",
]

[[package]]
name = "gtk-sys"
version = "0.7.0"
source = "registry+https://github.com/rust-lang/crates.io-index"
dependencies = [
 "atk-sys 0.7.0 (registry+https://github.com/rust-lang/crates.io-index)",
 "cairo-sys-rs 0.7.0 (registry+https://github.com/rust-lang/crates.io-index)",
 "gdk-pixbuf-sys 0.7.0 (registry+https://github.com/rust-lang/crates.io-index)",
 "gdk-sys 0.7.0 (registry+https://github.com/rust-lang/crates.io-index)",
 "gio-sys 0.7.0 (registry+https://github.com/rust-lang/crates.io-index)",
 "glib-sys 0.7.0 (registry+https://github.com/rust-lang/crates.io-index)",
 "gobject-sys 0.7.0 (registry+https://github.com/rust-lang/crates.io-index)",
 "libc 0.2.48 (registry+https://github.com/rust-lang/crates.io-index)",
 "pango-sys 0.7.0 (registry+https://github.com/rust-lang/crates.io-index)",
 "pkg-config 0.3.14 (registry+https://github.com/rust-lang/crates.io-index)",
]

[[package]]
name = "lazy_static"
version = "1.2.0"
source = "registry+https://github.com/rust-lang/crates.io-index"

[[package]]
name = "libc"
version = "0.2.48"
source = "registry+https://github.com/rust-lang/crates.io-index"

[[package]]
name = "omnibar"
version = "0.1.0"
dependencies = [
 "bitflags 1.0.4 (registry+https://github.com/rust-lang/crates.io-index)",
 "gdk-sys 0.7.0 (registry+https://github.com/rust-lang/crates.io-index)",
 "gtk-sys 0.7.0 (registry+https://github.com/rust-lang/crates.io-index)",
 "lazy_static 1.2.0 (registry+https://github.com/rust-lang/crates.io-index)",
 "libc 0.2.48 (registry+https://github.com/rust-lang/crates.io-index)",
]

[[package]]
name = "pango-sys"
version = "0.7.0"
source = "registry+https://github.com/rust-lang/crates.io-index"
dependencies = [
 "glib-sys 0.7.0 (registry+https://github.com/rust-lang/crates.io-index)",
 "gobject-sys 0.7.0 (registry+https://github.com/rust-lang/crates.io-index)",
 "libc 0.2.48 (registry+https://github.com/rust-lang/crates.io-index)",
 "pkg-config 0.3.14 (registry+https://github.com/rust-lang/crates.io-index)",
]

[[package]]
name = "pkg-config"
version = "0.3.14"
source = "registry+https://github.com/rust-lang/crates.io-index"

[[package]]
name = "winapi"
version = "0.3.6"
source = "registry+https://github.com/rust-lang/crates.io-index"
dependencies = [
 "winapi-i686-pc-windows-gnu 0.4.0 (registry+https://github.com/rust-lang/crates.io-index)",
 "winapi-x86_64-pc-windows-gnu 0.4.0 (registry+https://github.com/rust-lang/crates.io-index)",
]

[[package]]
name = "winapi-i686-pc-windows-gnu"
version = "0.4.0"
source = "registry+https://github.com/rust-lang/crates.io-index"

[[package]]
name = "winapi-x86_64-pc-windows-gnu"
version = "0.4.0"
source = "registry+https://github.com/rust-lang/crates.io-index"

[metadata]
"checksum atk-sys 0.7.0 (registry+https://github.com/rust-lang/crates.io-index)" = "c7017e53393e713212aed7aea336b6553be4927f58c37070a56c2fe3d107e489"
"checksum bitflags 1.0.4 (registry+https://github.com/rust-lang/crates.io-index)" = "228047a76f468627ca71776ecdebd732a3423081fcf5125585bcd7c49886ce12"
"checksum cairo-sys-rs 0.7.0 (registry+https://github.com/rust-lang/crates.io-index)" = "d25596627380be4381247dba06c69ad05ca21b3b065bd9827e416882ac41dcd2"
"checksum gdk-pixbuf-sys 0.7.0 (registry+https://github.com/rust-lang/crates.io-index)" = "08284f16ce4d909b10d785a763ba190e222d2c1557b29908bf0a661e27a8ac3b"
"checksum gdk-sys 0.7.0 (registry+https://github.com/rust-lang/crates.io-index)" = "108548ebf5329b551f2b97ab356908d14627905abb74b936c3372de1535aee81"
"checksum gio-sys 0.7.0 (registry+https://github.com/rust-lang/crates.io-index)" = "6975ada29f7924dc1c90b30ed3b32d777805a275556c05e420da4fbdc22eb250"
"checksum glib-sys 0.7.0 (registry+https://github.com/rust-lang/crates.io-index)" = "3573351e846caed9f11207b275cd67bc07f0c2c94fb628e5d7c92ca056c7882d"
"checksum gobject-sys 0.7.0 (registry+https://github.com/rust-lang/crates.io-index)" = "08475e4a08f27e6e2287005950114735ed61cec2cb8c1187682a5aec8c69b715"
"checksum gtk-sys 0.7.0 (registry+https://github.com/rust-lang/crates.io-index)" = "d487d333a4b87072e6bf9f2e55befa0ebef01b9496c2e263c0f4a1ff3d6c04b1"
"checksum lazy_static 1.2.0 (registry+https://github.com/rust-lang/crates.io-index)" = "a374c89b9db55895453a74c1e38861d9deec0b01b405a82516e9d5de4820dea1"
"checksum libc 0.2.48 (registry+https://github.com/rust-lang/crates.io-index)" = "e962c7641008ac010fa60a7dfdc1712449f29c44ef2d4702394aea943ee75047"
"checksum pango-sys 0.7.0 (registry+https://github.com/rust-lang/crates.io-index)" = "d6eb49268e69dd0c1da5d3001a61aac08e2e9d2bfbe4ae4b19b9963c998f6453"
"checksum pkg-config 0.3.14 (registry+https://github.com/rust-lang/crates.io-index)" = "676e8eb2b1b4c9043511a9b7bea0915320d7e502b0a079fb03f9635a5252b18c"
"checksum winapi 0.3.6 (registry+https://github.com/rust-lang/crates.io-index)" = "92c1eb33641e276cfa214a0522acad57be5c56b10cb348b3c5117db75f3ac4b0"
"checksum winapi-i686-pc-windows-gnu 0.4.0 (registry+https://github.com/rust-lang/crates.io-index)" = "ac3b87c63620426dd9b991e5ce0329eff545bccbbb34f3be09ff6fb6ab51b7b6"
"checksum winapi-x86_64-pc-windows-gnu 0.4.0 (registry+https://github.com/rust-lang/crates.io-index)" = "712e227841d057c1ee1cd2fb22fa7e5a5461ae8e48fa2ca79ec42cfc1931183f"
